<?xml version="1.0" encoding="utf-8"?>
<Project ToolsVersion="4.0" xmlns="http://schemas.microsoft.com/developer/msbuild/2003">
  <ItemGroup>
    <Filter Include="Source Files">
      <UniqueIdentifier>{fca36c9d-8423-4340-bd26-6fe7365737f9}</UniqueIdentifier>
      <Extensions>cpp;c;cxx;rc;def;r;odl;idl;hpj;bat</Extensions>
    </Filter>
    <Filter Include="Header Files">
      <UniqueIdentifier>{10bfc5d3-5879-4840-92ab-e56b008fe4f1}</UniqueIdentifier>
      <Extensions>h;hpp;hxx;hm;inl</Extensions>
    </Filter>
    <Filter Include="Resource Files">
      <UniqueIdentifier>{7617b99b-2536-44d3-9488-ecbe3a2a565c}</UniqueIdentifier>
      <Extensions>ico;cur;bmp;dlg;rc2;rct;bin;rgs;gif;jpg;jpeg;jpe</Extensions>
    </Filter>
    <Filter Include="Help">
      <UniqueIdentifier>{47db4d9f-a0be-4a40-9b53-b0609e633d42}</UniqueIdentifier>
    </Filter>
  </ItemGroup>
  <ItemGroup>
    <ClCompile Include="AboutDlg.cpp">
      <Filter>Source Files</Filter>
    </ClCompile>
    <ClCompile Include="AC.cpp">
      <Filter>Source Files</Filter>
    </ClCompile>
    <ClCompile Include="BBLFileDialog.cpp">
      <Filter>Source Files</Filter>
    </ClCompile>
    <ClCompile Include="BitmapIcon.cpp">
      <Filter>Source Files</Filter>
    </ClCompile>
    <ClCompile Include="CaptureThread.cpp">
      <Filter>Source Files</Filter>
    </ClCompile>
    <ClCompile Include="ChooseFont.cpp">
      <Filter>Source Files</Filter>
    </ClCompile>
    <ClCompile Include="CommonEdit.cpp">
      <Filter>Source Files</Filter>
    </ClCompile>
    <ClCompile Include="ContentList.cpp">
      <Filter>Source Files</Filter>
    </ClCompile>
    <ClCompile Include="Crypt.cpp">
      <Filter>Source Files</Filter>
    </ClCompile>
    <ClCompile Include="DBFormat.cpp">
      <Filter>Source Files</Filter>
    </ClCompile>
    <ClCompile Include="DIBFrame.cpp">
      <Filter>Source Files</Filter>
    </ClCompile>
    <ClCompile Include="FullWnd.cpp">
      <Filter>Source Files</Filter>
    </ClCompile>
    <ClCompile Include="GridComboBox.cpp">
      <Filter>Source Files</Filter>
    </ClCompile>
    <ClCompile Include="GridEdit.cpp">
      <Filter>Source Files</Filter>
    </ClCompile>
    <ClCompile Include="Gripper.cpp">
      <Filter>Source Files</Filter>
    </ClCompile>
    <ClCompile Include="ImageButton.cpp">
      <Filter>Source Files</Filter>
    </ClCompile>
    <ClCompile Include="ImageSettings.cpp">
      <Filter>Source Files</Filter>
    </ClCompile>
    <ClCompile Include="ImageStatic.cpp">
      <Filter>Source Files</Filter>
    </ClCompile>
    <ClCompile Include="ManageContentDlg.cpp">
      <Filter>Source Files</Filter>
    </ClCompile>
    <ClCompile Include="MessageBox.cpp">
      <Filter>Source Files</Filter>
    </ClCompile>
    <ClCompile Include="Preview.cpp">
      <Filter>Source Files</Filter>
    </ClCompile>
    <ClCompile Include="Project.cpp">
      <Filter>Source Files</Filter>
    </ClCompile>
    <ClCompile Include="ProjectDlg.cpp">
      <Filter>Source Files</Filter>
    </ClCompile>
    <ClCompile Include="QuickEdit.cpp">
      <Filter>Source Files</Filter>
    </ClCompile>
    <ClCompile Include="RegisterDlg.cpp">
      <Filter>Source Files</Filter>
    </ClCompile>
    <ClCompile Include="SettingsList.cpp">
      <Filter>Source Files</Filter>
    </ClCompile>
    <ClCompile Include="SplashWnd.cpp">
      <Filter>Source Files</Filter>
    </ClCompile>
    <ClCompile Include="StaticLink.cpp">
      <Filter>Source Files</Filter>
    </ClCompile>
    <ClCompile Include="StaticText.cpp">
      <Filter>Source Files</Filter>
    </ClCompile>
    <ClCompile Include="StdAfx.cpp">
      <Filter>Source Files</Filter>
    </ClCompile>
    <ClCompile Include="Verse.cpp">
      <Filter>Source Files</Filter>
    </ClCompile>
    <ClCompile Include="VerseFinder.cpp">
      <Filter>Source Files</Filter>
    </ClCompile>
    <ClCompile Include="VerseHeader.cpp">
      <Filter>Source Files</Filter>
    </ClCompile>
    <ClCompile Include="VerseList.cpp">
      <Filter>Source Files</Filter>
    </ClCompile>
    <ClCompile Include="Vfw.cpp">
      <Filter>Source Files</Filter>
    </ClCompile>
  </ItemGroup>
  <ItemGroup>
    <ResourceCompile Include="Project.rc">
      <Filter>Source Files</Filter>
    </ResourceCompile>
  </ItemGroup>
  <ItemGroup>
    <ClInclude Include="AboutDlg.h">
      <Filter>Header Files</Filter>
    </ClInclude>
    <ClInclude Include="AC.h">
      <Filter>Header Files</Filter>
    </ClInclude>
    <ClInclude Include="ActiveWindow.h">
      <Filter>Header Files</Filter>
    </ClInclude>
    <ClInclude Include="AuthSMTPConnection.h">
      <Filter>Header Files</Filter>
    </ClInclude>
    <ClInclude Include="BBLFileDialog.h">
      <Filter>Header Files</Filter>
    </ClInclude>
    <ClInclude Include="BitmapIcon.h">
      <Filter>Header Files</Filter>
    </ClInclude>
    <ClInclude Include="CaptureThread.h">
      <Filter>Header Files</Filter>
    </ClInclude>
    <ClInclude Include="ChooseFont.h">
      <Filter>Header Files</Filter>
    </ClInclude>
    <ClInclude Include="CommonEdit.h">
      <Filter>Header Files</Filter>
    </ClInclude>
    <ClInclude Include="ContentList.h">
      <Filter>Header Files</Filter>
    </ClInclude>
    <ClInclude Include="Crypt.h">
      <Filter>Header Files</Filter>
    </ClInclude>
    <ClInclude Include="DBFormat.h">
      <Filter>Header Files</Filter>
    </ClInclude>
    <ClInclude Include="DIBFrame.h">
      <Filter>Header Files</Filter>
    </ClInclude>
    <ClInclude Include="FullWnd.h">
      <Filter>Header Files</Filter>
    </ClInclude>
    <ClInclude Include="GridComboBox.h">
      <Filter>Header Files</Filter>
    </ClInclude>
    <ClInclude Include="GridEdit.h">
      <Filter>Header Files</Filter>
    </ClInclude>
    <ClInclude Include="Gripper.h">
      <Filter>Header Files</Filter>
    </ClInclude>
    <ClInclude Include="ImageButton.h">
      <Filter>Header Files</Filter>
    </ClInclude>
    <ClInclude Include="ImageSettings.h">
      <Filter>Header Files</Filter>
    </ClInclude>
    <ClInclude Include="ImageStatic.h">
      <Filter>Header Files</Filter>
    </ClInclude>
    <ClInclude Include="ManageContentDlg.h">
      <Filter>Header Files</Filter>
    </ClInclude>
    <ClInclude Include="MessageBox.h">
      <Filter>Header Files</Filter>
    </ClInclude>
    <ClInclude Include="Preview.h">
      <Filter>Header Files</Filter>
    </ClInclude>
    <ClInclude Include="Project.h">
      <Filter>Header Files</Filter>
    </ClInclude>
    <ClInclude Include="ProjectDlg.h">
      <Filter>Header Files</Filter>
    </ClInclude>
    <ClInclude Include="QuickEdit.h">
      <Filter>Header Files</Filter>
    </ClInclude>
    <ClInclude Include="RegisterDlg.h">
      <Filter>Header Files</Filter>
    </ClInclude>
    <ClInclude Include="Resource.h">
      <Filter>Header Files</Filter>
    </ClInclude>
    <ClInclude Include="SettingsList.h">
      <Filter>Header Files</Filter>
    </ClInclude>
    <ClInclude Include="SplashWnd.h">
      <Filter>Header Files</Filter>
    </ClInclude>
    <ClInclude Include="StaticLink.h">
      <Filter>Header Files</Filter>
    </ClInclude>
    <ClInclude Include="StaticText.h">
      <Filter>Header Files</Filter>
    </ClInclude>
    <ClInclude Include="StdAfx.h">
      <Filter>Header Files</Filter>
    </ClInclude>
    <ClInclude Include="Verse.h">
      <Filter>Header Files</Filter>
    </ClInclude>
    <ClInclude Include="VerseFinder.h">
      <Filter>Header Files</Filter>
    </ClInclude>
    <ClInclude Include="VerseHeader.h">
      <Filter>Header Files</Filter>
    </ClInclude>
    <ClInclude Include="VerseList.h">
      <Filter>Header Files</Filter>
    </ClInclude>
    <ClInclude Include="Vfw.h">
      <Filter>Header Files</Filter>
    </ClInclude>
  </ItemGroup>
  <ItemGroup>
    <Image Include="res\Add.bmp">
      <Filter>Resource Files</Filter>
    </Image>
    <Image Include="res\Capture.bmp">
      <Filter>Resource Files</Filter>
    </Image>
    <Image Include="res\Delete.bmp">
      <Filter>Resource Files</Filter>
    </Image>
    <Image Include="res\Edit.bmp">
      <Filter>Resource Files</Filter>
    </Image>
    <Image Include="res\FileLoad.bmp">
      <Filter>Resource Files</Filter>
    </Image>
    <Image Include="res\FileSave.bmp">
      <Filter>Resource Files</Filter>
    </Image>
    <Image Include="res\FontSelect.bmp">
      <Filter>Resource Files</Filter>
    </Image>
    <Image Include="res\fullscreen.ico">
      <Filter>Resource Files</Filter>
    </Image>
    <Image Include="res\HidePreview.bmp">
      <Filter>Resource Files</Filter>
    </Image>
    <Image Include="res\Image.bmp">
      <Filter>Resource Files</Filter>
    </Image>
    <Image Include="res\Info.bmp">
      <Filter>Resource Files</Filter>
    </Image>
    <Image Include="res\ManageContent.bmp">
      <Filter>Resource Files</Filter>
    </Image>
    <Image Include="res\OffMonitor.bmp">
      <Filter>Resource Files</Filter>
    </Image>
    <Image Include="res\OffProjector.bmp">
      <Filter>Resource Files</Filter>
    </Image>
    <Image Include="res\OnMonitor.bmp">
      <Filter>Resource Files</Filter>
    </Image>
    <Image Include="res\OnProjector.bmp">
      <Filter>Resource Files</Filter>
    </Image>
    <Image Include="res\Project.ico">
      <Filter>Resource Files</Filter>
    </Image>
    <Image Include="res\QBHelp.bmp">
      <Filter>Resource Files</Filter>
    </Image>
    <Image Include="res\Search.bmp">
      <Filter>Resource Files</Filter>
    </Image>
    <Image Include="res\ShowPrev.bmp">
      <Filter>Resource Files</Filter>
    </Image>
    <Image Include="res\Splash.bmp">
      <Filter>Resource Files</Filter>
    </Image>
    <Image Include="res\video.bmp">
      <Filter>Resource Files</Filter>
    </Image>
  </ItemGroup>
  <ItemGroup>
    <None Include="res\dragdrop.cur">
      <Filter>Resource Files</Filter>
    </None>
    <None Include="res\Project.rc2">
      <Filter>Resource Files</Filter>
    </None>
    <None Include="Help\QuickBibleHelp.htm">
      <Filter>Help</Filter>
    </None>
  </ItemGroup>
  <ItemGroup>
    <Text Include="ReadMe.txt" />
  </ItemGroup>
  <ItemGroup>
    <CustomBuild Include="Project.manifest" />
  </ItemGroup>
</Project>